// !$*UTF8*$!
{
	archiveVersion = 1;
	classes = {
	};
	objectVersion = 56;
	objects = {

/* Begin PBXBuildFile section */
		490B69F82B7F622A0036B2DD /* FavMovApp.swift in Sources */ = {isa = PBXBuildFile; fileRef = 490B69F72B7F622A0036B2DD /* FavMovApp.swift */; };
		490B69FA2B7F622A0036B2DD /* ContentView.swift in Sources */ = {isa = PBXBuildFile; fileRef = 490B69F92B7F622A0036B2DD /* ContentView.swift */; };
		490B69FC2B7F622E0036B2DD /* Assets.xcassets in Resources */ = {isa = PBXBuildFile; fileRef = 490B69FB2B7F622E0036B2DD /* Assets.xcassets */; };
		490B69FF2B7F622E0036B2DD /* Preview Assets.xcassets in Resources */ = {isa = PBXBuildFile; fileRef = 490B69FE2B7F622E0036B2DD /* Preview Assets.xcassets */; };
		490B6A092B7F622E0036B2DD /* FavMovTests.swift in Sources */ = {isa = PBXBuildFile; fileRef = 490B6A082B7F622E0036B2DD /* FavMovTests.swift */; };
		490B6A132B7F622F0036B2DD /* FavMovUITests.swift in Sources */ = {isa = PBXBuildFile; fileRef = 490B6A122B7F622F0036B2DD /* FavMovUITests.swift */; };
		490B6A152B7F622F0036B2DD /* FavMovUITestsLaunchTests.swift in Sources */ = {isa = PBXBuildFile; fileRef = 490B6A142B7F622F0036B2DD /* FavMovUITestsLaunchTests.swift */; };
		4939E9522B7F648700A340AE /* MovieSearchService.swift in Sources */ = {isa = PBXBuildFile; fileRef = 4939E9512B7F648700A340AE /* MovieSearchService.swift */; };
		4939E9552B7F650300A340AE /* Movies.swift in Sources */ = {isa = PBXBuildFile; fileRef = 4939E9542B7F650200A340AE /* Movies.swift */; };
		4939E9582B7F653A00A340AE /* NetworkError.swift in Sources */ = {isa = PBXBuildFile; fileRef = 4939E9572B7F653A00A340AE /* NetworkError.swift */; };
		4939E95B2B7F6E4F00A340AE /* MovieCellView.swift in Sources */ = {isa = PBXBuildFile; fileRef = 4939E95A2B7F6E4F00A340AE /* MovieCellView.swift */; };
		4939E95D2B7F708600A340AE /* Constants.swift in Sources */ = {isa = PBXBuildFile; fileRef = 4939E95C2B7F708600A340AE /* Constants.swift */; };
		4939E95F2B7F723900A340AE /* AsyncImageView.swift in Sources */ = {isa = PBXBuildFile; fileRef = 4939E95E2B7F723900A340AE /* AsyncImageView.swift */; };
		4939E9622B7F7D3F00A340AE /* Endpoint.swift in Sources */ = {isa = PBXBuildFile; fileRef = 4939E9612B7F7D3F00A340AE /* Endpoint.swift */; };
		4939E9642B7F7D6900A340AE /* HttpMethod.swift in Sources */ = {isa = PBXBuildFile; fileRef = 4939E9632B7F7D6900A340AE /* HttpMethod.swift */; };
		4939E9662B7F7D8900A340AE /* MoviesEndpoint.swift in Sources */ = {isa = PBXBuildFile; fileRef = 4939E9652B7F7D8900A340AE /* MoviesEndpoint.swift */; };
/* End PBXBuildFile section */

/* Begin PBXContainerItemProxy section */
		490B6A052B7F622E0036B2DD /* PBXContainerItemProxy */ = {
			isa = PBXContainerItemProxy;
			containerPortal = 490B69EC2B7F622A0036B2DD /* Project object */;
			proxyType = 1;
			remoteGlobalIDString = 490B69F32B7F622A0036B2DD;
			remoteInfo = FavMov;
		};
		490B6A0F2B7F622F0036B2DD /* PBXContainerItemProxy */ = {
			isa = PBXContainerItemProxy;
			containerPortal = 490B69EC2B7F622A0036B2DD /* Project object */;
			proxyType = 1;
			remoteGlobalIDString = 490B69F32B7F622A0036B2DD;
			remoteInfo = FavMov;
		};
/* End PBXContainerItemProxy section */

/* Begin PBXFileReference section */
		490B69F42B7F622A0036B2DD /* FavMov.app */ = {isa = PBXFileReference; explicitFileType = wrapper.application; includeInIndex = 0; path = FavMov.app; sourceTree = BUILT_PRODUCTS_DIR; };
		490B69F72B7F622A0036B2DD /* FavMovApp.swift */ = {isa = PBXFileReference; lastKnownFileType = sourcecode.swift; path = FavMovApp.swift; sourceTree = "<group>"; };
		490B69F92B7F622A0036B2DD /* ContentView.swift */ = {isa = PBXFileReference; lastKnownFileType = sourcecode.swift; path = ContentView.swift; sourceTree = "<group>"; };
		490B69FB2B7F622E0036B2DD /* Assets.xcassets */ = {isa = PBXFileReference; lastKnownFileType = folder.assetcatalog; path = Assets.xcassets; sourceTree = "<group>"; };
		490B69FE2B7F622E0036B2DD /* Preview Assets.xcassets */ = {isa = PBXFileReference; lastKnownFileType = folder.assetcatalog; path = "Preview Assets.xcassets"; sourceTree = "<group>"; };
		490B6A042B7F622E0036B2DD /* FavMovTests.xctest */ = {isa = PBXFileReference; explicitFileType = wrapper.cfbundle; includeInIndex = 0; path = FavMovTests.xctest; sourceTree = BUILT_PRODUCTS_DIR; };
		490B6A082B7F622E0036B2DD /* FavMovTests.swift */ = {isa = PBXFileReference; lastKnownFileType = sourcecode.swift; path = FavMovTests.swift; sourceTree = "<group>"; };
		490B6A0E2B7F622F0036B2DD /* FavMovUITests.xctest */ = {isa = PBXFileReference; explicitFileType = wrapper.cfbundle; includeInIndex = 0; path = FavMovUITests.xctest; sourceTree = BUILT_PRODUCTS_DIR; };
		490B6A122B7F622F0036B2DD /* FavMovUITests.swift */ = {isa = PBXFileReference; lastKnownFileType = sourcecode.swift; path = FavMovUITests.swift; sourceTree = "<group>"; };
		490B6A142B7F622F0036B2DD /* FavMovUITestsLaunchTests.swift */ = {isa = PBXFileReference; lastKnownFileType = sourcecode.swift; path = FavMovUITestsLaunchTests.swift; sourceTree = "<group>"; };
		4939E9512B7F648700A340AE /* MovieSearchService.swift */ = {isa = PBXFileReference; lastKnownFileType = sourcecode.swift; path = MovieSearchService.swift; sourceTree = "<group>"; };
		4939E9542B7F650200A340AE /* Movies.swift */ = {isa = PBXFileReference; lastKnownFileType = sourcecode.swift; path = Movies.swift; sourceTree = "<group>"; };
		4939E9572B7F653A00A340AE /* NetworkError.swift */ = {isa = PBXFileReference; lastKnownFileType = sourcecode.swift; path = NetworkError.swift; sourceTree = "<group>"; };
		4939E95A2B7F6E4F00A340AE /* MovieCellView.swift */ = {isa = PBXFileReference; lastKnownFileType = sourcecode.swift; path = MovieCellView.swift; sourceTree = "<group>"; };
		4939E95C2B7F708600A340AE /* Constants.swift */ = {isa = PBXFileReference; lastKnownFileType = sourcecode.swift; path = Constants.swift; sourceTree = "<group>"; };
		4939E95E2B7F723900A340AE /* AsyncImageView.swift */ = {isa = PBXFileReference; lastKnownFileType = sourcecode.swift; path = AsyncImageView.swift; sourceTree = "<group>"; };
		4939E9612B7F7D3F00A340AE /* Endpoint.swift */ = {isa = PBXFileReference; lastKnownFileType = sourcecode.swift; path = Endpoint.swift; sourceTree = "<group>"; };
		4939E9632B7F7D6900A340AE /* HttpMethod.swift */ = {isa = PBXFileReference; lastKnownFileType = sourcecode.swift; path = HttpMethod.swift; sourceTree = "<group>"; };
		4939E9652B7F7D8900A340AE /* MoviesEndpoint.swift */ = {isa = PBXFileReference; lastKnownFileType = sourcecode.swift; path = MoviesEndpoint.swift; sourceTree = "<group>"; };
/* End PBXFileReference section */

/* Begin PBXFrameworksBuildPhase section */
		490B69F12B7F622A0036B2DD /* Frameworks */ = {
			isa = PBXFrameworksBuildPhase;
			buildActionMask = 2147483647;
			files = (
			);
			runOnlyForDeploymentPostprocessing = 0;
		};
		490B6A012B7F622E0036B2DD /* Frameworks */ = {
			isa = PBXFrameworksBuildPhase;
			buildActionMask = 2147483647;
			files = (
			);
			runOnlyForDeploymentPostprocessing = 0;
		};
		490B6A0B2B7F622F0036B2DD /* Frameworks */ = {
			isa = PBXFrameworksBuildPhase;
			buildActionMask = 2147483647;
			files = (
			);
			runOnlyForDeploymentPostprocessing = 0;
		};
/* End PBXFrameworksBuildPhase section */

/* Begin PBXGroup section */
		490B69EB2B7F622A0036B2DD = {
			isa = PBXGroup;
			children = (
				490B69F62B7F622A0036B2DD /* FavMov */,
				490B6A072B7F622E0036B2DD /* FavMovTests */,
				490B6A112B7F622F0036B2DD /* FavMovUITests */,
				490B69F52B7F622A0036B2DD /* Products */,
			);
			sourceTree = "<group>";
		};
		490B69F52B7F622A0036B2DD /* Products */ = {
			isa = PBXGroup;
			children = (
				490B69F42B7F622A0036B2DD /* FavMov.app */,
				490B6A042B7F622E0036B2DD /* FavMovTests.xctest */,
				490B6A0E2B7F622F0036B2DD /* FavMovUITests.xctest */,
			);
			name = Products;
			sourceTree = "<group>";
		};
		490B69F62B7F622A0036B2DD /* FavMov */ = {
			isa = PBXGroup;
			children = (
				4939E9592B7F6E3800A340AE /* CustomViews */,
				4939E9562B7F652000A340AE /* Helpers */,
				4939E9532B7F64C600A340AE /* Model */,
				4939E9502B7F646600A340AE /* Service */,
				490B69F72B7F622A0036B2DD /* FavMovApp.swift */,
				490B69F92B7F622A0036B2DD /* ContentView.swift */,
				490B69FB2B7F622E0036B2DD /* Assets.xcassets */,
				490B69FD2B7F622E0036B2DD /* Preview Content */,
			);
			path = FavMov;
			sourceTree = "<group>";
		};
		490B69FD2B7F622E0036B2DD /* Preview Content */ = {
			isa = PBXGroup;
			children = (
				490B69FE2B7F622E0036B2DD /* Preview Assets.xcassets */,
			);
			path = "Preview Content";
			sourceTree = "<group>";
		};
		490B6A072B7F622E0036B2DD /* FavMovTests */ = {
			isa = PBXGroup;
			children = (
				490B6A082B7F622E0036B2DD /* FavMovTests.swift */,
			);
			path = FavMovTests;
			sourceTree = "<group>";
		};
		490B6A112B7F622F0036B2DD /* FavMovUITests */ = {
			isa = PBXGroup;
			children = (
				490B6A122B7F622F0036B2DD /* FavMovUITests.swift */,
				490B6A142B7F622F0036B2DD /* FavMovUITestsLaunchTests.swift */,
			);
			path = FavMovUITests;
			sourceTree = "<group>";
		};
		4939E9502B7F646600A340AE /* Service */ = {
			isa = PBXGroup;
			children = (
				4939E9512B7F648700A340AE /* MovieSearchService.swift */,
			);
			path = Service;
			sourceTree = "<group>";
		};
		4939E9532B7F64C600A340AE /* Model */ = {
			isa = PBXGroup;
			children = (
				4939E9542B7F650200A340AE /* Movies.swift */,
			);
			path = Model;
			sourceTree = "<group>";
		};
		4939E9562B7F652000A340AE /* Helpers */ = {
			isa = PBXGroup;
			children = (
				4939E9602B7F7D2A00A340AE /* URLHelpers */,
				4939E9572B7F653A00A340AE /* NetworkError.swift */,
				4939E95C2B7F708600A340AE /* Constants.swift */,
			);
			path = Helpers;
			sourceTree = "<group>";
		};
		4939E9592B7F6E3800A340AE /* CustomViews */ = {
			isa = PBXGroup;
			children = (
				4939E95A2B7F6E4F00A340AE /* MovieCellView.swift */,
				4939E95E2B7F723900A340AE /* AsyncImageView.swift */,
			);
			path = CustomViews;
			sourceTree = "<group>";
		};
		4939E9602B7F7D2A00A340AE /* URLHelpers */ = {
			isa = PBXGroup;
			children = (
				4939E9612B7F7D3F00A340AE /* Endpoint.swift */,
				4939E9632B7F7D6900A340AE /* HttpMethod.swift */,
				4939E9652B7F7D8900A340AE /* MoviesEndpoint.swift */,
			);
			path = URLHelpers;
			sourceTree = "<group>";
		};
/* End PBXGroup section */

/* Begin PBXNativeTarget section */
		490B69F32B7F622A0036B2DD /* FavMov */ = {
			isa = PBXNativeTarget;
			buildConfigurationList = 490B6A182B7F622F0036B2DD /* Build configuration list for PBXNativeTarget "FavMov" */;
			buildPhases = (
				490B69F02B7F622A0036B2DD /* Sources */,
				490B69F12B7F622A0036B2DD /* Frameworks */,
				490B69F22B7F622A0036B2DD /* Resources */,
			);
			buildRules = (
			);
			dependencies = (
			);
			name = FavMov;
			productName = FavMov;
			productReference = 490B69F42B7F622A0036B2DD /* FavMov.app */;
			productType = "com.apple.product-type.application";
		};
		490B6A032B7F622E0036B2DD /* FavMovTests */ = {
			isa = PBXNativeTarget;
			buildConfigurationList = 490B6A1B2B7F622F0036B2DD /* Build configuration list for PBXNativeTarget "FavMovTests" */;
			buildPhases = (
				490B6A002B7F622E0036B2DD /* Sources */,
				490B6A012B7F622E0036B2DD /* Frameworks */,
				490B6A022B7F622E0036B2DD /* Resources */,
			);
			buildRules = (
			);
			dependencies = (
				490B6A062B7F622E0036B2DD /* PBXTargetDependency */,
			);
			name = FavMovTests;
			productName = FavMovTests;
			productReference = 490B6A042B7F622E0036B2DD /* FavMovTests.xctest */;
			productType = "com.apple.product-type.bundle.unit-test";
		};
		490B6A0D2B7F622F0036B2DD /* FavMovUITests */ = {
			isa = PBXNativeTarget;
			buildConfigurationList = 490B6A1E2B7F622F0036B2DD /* Build configuration list for PBXNativeTarget "FavMovUITests" */;
			buildPhases = (
				490B6A0A2B7F622F0036B2DD /* Sources */,
				490B6A0B2B7F622F0036B2DD /* Frameworks */,
				490B6A0C2B7F622F0036B2DD /* Resources */,
			);
			buildRules = (
			);
			dependencies = (
				490B6A102B7F622F0036B2DD /* PBXTargetDependency */,
			);
			name = FavMovUITests;
			productName = FavMovUITests;
			productReference = 490B6A0E2B7F622F0036B2DD /* FavMovUITests.xctest */;
			productType = "com.apple.product-type.bundle.ui-testing";
		};
/* End PBXNativeTarget section */

/* Begin PBXProject section */
		490B69EC2B7F622A0036B2DD /* Project object */ = {
			isa = PBXProject;
			attributes = {
				BuildIndependentTargetsInParallel = 1;
				LastSwiftUpdateCheck = 1510;
				LastUpgradeCheck = 1510;
				TargetAttributes = {
					490B69F32B7F622A0036B2DD = {
						CreatedOnToolsVersion = 15.1;
					};
					490B6A032B7F622E0036B2DD = {
						CreatedOnToolsVersion = 15.1;
						TestTargetID = 490B69F32B7F622A0036B2DD;
					};
					490B6A0D2B7F622F0036B2DD = {
						CreatedOnToolsVersion = 15.1;
						TestTargetID = 490B69F32B7F622A0036B2DD;
					};
				};
			};
			buildConfigurationList = 490B69EF2B7F622A0036B2DD /* Build configuration list for PBXProject "FavMov" */;
			compatibilityVersion = "Xcode 14.0";
			developmentRegion = en;
			hasScannedForEncodings = 0;
			knownRegions = (
				en,
				Base,
			);
			mainGroup = 490B69EB2B7F622A0036B2DD;
			productRefGroup = 490B69F52B7F622A0036B2DD /* Products */;
			projectDirPath = "";
			projectRoot = "";
			targets = (
				490B69F32B7F622A0036B2DD /* FavMov */,
				490B6A032B7F622E0036B2DD /* FavMovTests */,
				490B6A0D2B7F622F0036B2DD /* FavMovUITests */,
			);
		};
/* End PBXProject section */

/* Begin PBXResourcesBuildPhase section */
		490B69F22B7F622A0036B2DD /* Resources */ = {
			isa = PBXResourcesBuildPhase;
			buildActionMask = 2147483647;
			files = (
				490B69FF2B7F622E0036B2DD /* Preview Assets.xcassets in Resources */,
				490B69FC2B7F622E0036B2DD /* Assets.xcassets in Resources */,
			);
			runOnlyForDeploymentPostprocessing = 0;
		};
		490B6A022B7F622E0036B2DD /* Resources */ = {
			isa = PBXResourcesBuildPhase;
			buildActionMask = 2147483647;
			files = (
			);
			runOnlyForDeploymentPostprocessing = 0;
		};
		490B6A0C2B7F622F0036B2DD /* Resources */ = {
			isa = PBXResourcesBuildPhase;
			buildActionMask = 2147483647;
			files = (
			);
			runOnlyForDeploymentPostprocessing = 0;
		};
/* End PBXResourcesBuildPhase section */

/* Begin PBXSourcesBuildPhase section */
		490B69F02B7F622A0036B2DD /* Sources */ = {
			isa = PBXSourcesBuildPhase;
			buildActionMask = 2147483647;
			files = (
				490B69FA2B7F622A0036B2DD /* ContentView.swift in Sources */,
				4939E9662B7F7D8900A340AE /* MoviesEndpoint.swift in Sources */,
				4939E9622B7F7D3F00A340AE /* Endpoint.swift in Sources */,
				4939E9642B7F7D6900A340AE /* HttpMethod.swift in Sources */,
				4939E95B2B7F6E4F00A340AE /* MovieCellView.swift in Sources */,
				490B69F82B7F622A0036B2DD /* FavMovApp.swift in Sources */,
				4939E95F2B7F723900A340AE /* AsyncImageView.swift in Sources */,
				4939E9552B7F650300A340AE /* Movies.swift in Sources */,
				4939E95D2B7F708600A340AE /* Constants.swift in Sources */,
				4939E9522B7F648700A340AE /* MovieSearchService.swift in Sources */,
				4939E9582B7F653A00A340AE /* NetworkError.swift in Sources */,
			);
			runOnlyForDeploymentPostprocessing = 0;
		};
		490B6A002B7F622E0036B2DD /* Sources */ = {
			isa = PBXSourcesBuildPhase;
			buildActionMask = 2147483647;
			files = (
				490B6A092B7F622E0036B2DD /* FavMovTests.swift in Sources */,
			);
			runOnlyForDeploymentPostprocessing = 0;
		};
		490B6A0A2B7F622F0036B2DD /* Sources */ = {
			isa = PBXSourcesBuildPhase;
			buildActionMask = 2147483647;
			files = (
				490B6A132B7F622F0036B2DD /* FavMovUITests.swift in Sources */,
				490B6A152B7F622F0036B2DD /* FavMovUITestsLaunchTests.swift in Sources */,
			);
			runOnlyForDeploymentPostprocessing = 0;
		};
/* End PBXSourcesBuildPhase section */

/* Begin PBXTargetDependency section */
		490B6A062B7F622E0036B2DD /* PBXTargetDependency */ = {
			isa = PBXTargetDependency;
			target = 490B69F32B7F622A0036B2DD /* FavMov */;
			targetProxy = 490B6A052B7F622E0036B2DD /* PBXContainerItemProxy */;
		};
		490B6A102B7F622F0036B2DD /* PBXTargetDependency */ = {
			isa = PBXTargetDependency;
			target = 490B69F32B7F622A0036B2DD /* FavMov */;
			targetProxy = 490B6A0F2B7F622F0036B2DD /* PBXContainerItemProxy */;
		};
/* End PBXTargetDependency section */

/* Begin XCBuildConfiguration section */
		490B6A162B7F622F0036B2DD /* Debug */ = {
			isa = XCBuildConfiguration;
			buildSettings = {
				ALWAYS_SEARCH_USER_PATHS = NO;
				ASSETCATALOG_COMPILER_GENERATE_SWIFT_ASSET_SYMBOL_EXTENSIONS = YES;
				CLANG_ANALYZER_NONNULL = YES;
				CLANG_ANALYZER_NUMBER_OBJECT_CONVERSION = YES_AGGRESSIVE;
				CLANG_CXX_LANGUAGE_STANDARD = "gnu++20";
				CLANG_ENABLE_MODULES = YES;
				CLANG_ENABLE_OBJC_ARC = YES;
				CLANG_ENABLE_OBJC_WEAK = YES;
				CLANG_WARN_BLOCK_CAPTURE_AUTORELEASING = YES;
				CLANG_WARN_BOOL_CONVERSION = YES;
				CLANG_WARN_COMMA = YES;
				CLANG_WARN_CONSTANT_CONVERSION = YES;
				CLANG_WARN_DEPRECATED_OBJC_IMPLEMENTATIONS = YES;
				CLANG_WARN_DIRECT_OBJC_ISA_USAGE = YES_ERROR;
				CLANG_WARN_DOCUMENTATION_COMMENTS = YES;
				CLANG_WARN_EMPTY_BODY = YES;
				CLANG_WARN_ENUM_CONVERSION = YES;
				CLANG_WARN_INFINITE_RECURSION = YES;
				CLANG_WARN_INT_CONVERSION = YES;
				CLANG_WARN_NON_LITERAL_NULL_CONVERSION = YES;
				CLANG_WARN_OBJC_IMPLICIT_RETAIN_SELF = YES;
				CLANG_WARN_OBJC_LITERAL_CONVERSION = YES;
				CLANG_WARN_OBJC_ROOT_CLASS = YES_ERROR;
				CLANG_WARN_QUOTED_INCLUDE_IN_FRAMEWORK_HEADER = YES;
				CLANG_WARN_RANGE_LOOP_ANALYSIS = YES;
				CLANG_WARN_STRICT_PROTOTYPES = YES;
				CLANG_WARN_SUSPICIOUS_MOVE = YES;
				CLANG_WARN_UNGUARDED_AVAILABILITY = YES_AGGRESSIVE;
				CLANG_WARN_UNREACHABLE_CODE = YES;
				CLANG_WARN__DUPLICATE_METHOD_MATCH = YES;
				COPY_PHASE_STRIP = NO;
				DEBUG_INFORMATION_FORMAT = dwarf;
				ENABLE_STRICT_OBJC_MSGSEND = YES;
				ENABLE_TESTABILITY = YES;
				ENABLE_USER_SCRIPT_SANDBOXING = YES;
				GCC_C_LANGUAGE_STANDARD = gnu17;
				GCC_DYNAMIC_NO_PIC = NO;
				GCC_NO_COMMON_BLOCKS = YES;
				GCC_OPTIMIZATION_LEVEL = 0;
				GCC_PREPROCESSOR_DEFINITIONS = (
					"DEBUG=1",
					"$(inherited)",
				);
				GCC_WARN_64_TO_32_BIT_CONVERSION = YES;
				GCC_WARN_ABOUT_RETURN_TYPE = YES_ERROR;
				GCC_WARN_UNDECLARED_SELECTOR = YES;
				GCC_WARN_UNINITIALIZED_AUTOS = YES_AGGRESSIVE;
				GCC_WARN_UNUSED_FUNCTION = YES;
				GCC_WARN_UNUSED_VARIABLE = YES;
				IPHONEOS_DEPLOYMENT_TARGET = 17.2;
				LOCALIZATION_PREFERS_STRING_CATALOGS = YES;
				MTL_ENABLE_DEBUG_INFO = INCLUDE_SOURCE;
				MTL_FAST_MATH = YES;
				ONLY_ACTIVE_ARCH = YES;
				SDKROOT = iphoneos;
				SWIFT_ACTIVE_COMPILATION_CONDITIONS = "DEBUG $(inherited)";
				SWIFT_OPTIMIZATION_LEVEL = "-Onone";
			};
			name = Debug;
		};
		490B6A172B7F622F0036B2DD /* Release */ = {
			isa = XCBuildConfiguration;
			buildSettings = {
				ALWAYS_SEARCH_USER_PATHS = NO;
				ASSETCATALOG_COMPILER_GENERATE_SWIFT_ASSET_SYMBOL_EXTENSIONS = YES;
				CLANG_ANALYZER_NONNULL = YES;
				CLANG_ANALYZER_NUMBER_OBJECT_CONVERSION = YES_AGGRESSIVE;
				CLANG_CXX_LANGUAGE_STANDARD = "gnu++20";
				CLANG_ENABLE_MODULES = YES;
				CLANG_ENABLE_OBJC_ARC = YES;
				CLANG_ENABLE_OBJC_WEAK = YES;
				CLANG_WARN_BLOCK_CAPTURE_AUTORELEASING = YES;
				CLANG_WARN_BOOL_CONVERSION = YES;
				CLANG_WARN_COMMA = YES;
				CLANG_WARN_CONSTANT_CONVERSION = YES;
				CLANG_WARN_DEPRECATED_OBJC_IMPLEMENTATIONS = YES;
				CLANG_WARN_DIRECT_OBJC_ISA_USAGE = YES_ERROR;
				CLANG_WARN_DOCUMENTATION_COMMENTS = YES;
				CLANG_WARN_EMPTY_BODY = YES;
				CLANG_WARN_ENUM_CONVERSION = YES;
				CLANG_WARN_INFINITE_RECURSION = YES;
				CLANG_WARN_INT_CONVERSION = YES;
				CLANG_WARN_NON_LITERAL_NULL_CONVERSION = YES;
				CLANG_WARN_OBJC_IMPLICIT_RETAIN_SELF = YES;
				CLANG_WARN_OBJC_LITERAL_CONVERSION = YES;
				CLANG_WARN_OBJC_ROOT_CLASS = YES_ERROR;
				CLANG_WARN_QUOTED_INCLUDE_IN_FRAMEWORK_HEADER = YES;
				CLANG_WARN_RANGE_LOOP_ANALYSIS = YES;
				CLANG_WARN_STRICT_PROTOTYPES = YES;
				CLANG_WARN_SUSPICIOUS_MOVE = YES;
				CLANG_WARN_UNGUARDED_AVAILABILITY = YES_AGGRESSIVE;
				CLANG_WARN_UNREACHABLE_CODE = YES;
				CLANG_WARN__DUPLICATE_METHOD_MATCH = YES;
				COPY_PHASE_STRIP = NO;
				DEBUG_INFORMATION_FORMAT = "dwarf-with-dsym";
				ENABLE_NS_ASSERTIONS = NO;
				ENABLE_STRICT_OBJC_MSGSEND = YES;
				ENABLE_USER_SCRIPT_SANDBOXING = YES;
				GCC_C_LANGUAGE_STANDARD = gnu17;
				GCC_NO_COMMON_BLOCKS = YES;
				GCC_WARN_64_TO_32_BIT_CONVERSION = YES;
				GCC_WARN_ABOUT_RETURN_TYPE = YES_ERROR;
				GCC_WARN_UNDECLARED_SELECTOR = YES;
				GCC_WARN_UNINITIALIZED_AUTOS = YES_AGGRESSIVE;
				GCC_WARN_UNUSED_FUNCTION = YES;
				GCC_WARN_UNUSED_VARIABLE = YES;
				IPHONEOS_DEPLOYMENT_TARGET = 17.2;
				LOCALIZATION_PREFERS_STRING_CATALOGS = YES;
				MTL_ENABLE_DEBUG_INFO = NO;
				MTL_FAST_MATH = YES;
				SDKROOT = iphoneos;
				SWIFT_COMPILATION_MODE = wholemodule;
				VALIDATE_PRODUCT = YES;
			};
			name = Release;
		};
		490B6A192B7F622F0036B2DD /* Debug */ = {
			isa = XCBuildConfiguration;
			buildSettings = {
				ASSETCATALOG_COMPILER_APPICON_NAME = AppIcon;
				ASSETCATALOG_COMPILER_GLOBAL_ACCENT_COLOR_NAME = AccentColor;
				CODE_SIGN_STYLE = Automatic;
				CURRENT_PROJECT_VERSION = 1;
				DEVELOPMENT_ASSET_PATHS = "\"FavMov/Preview Content\"";
				DEVELOPMENT_TEAM = N29E7P5W3H;
				ENABLE_PREVIEWS = YES;
				GENERATE_INFOPLIST_FILE = YES;
				INFOPLIST_KEY_UIApplicationSceneManifest_Generation = YES;
				INFOPLIST_KEY_UIApplicationSupportsIndirectInputEvents = YES;
				INFOPLIST_KEY_UILaunchScreen_Generation = YES;
				INFOPLIST_KEY_UISupportedInterfaceOrientations_iPad = "UIInterfaceOrientationPortrait UIInterfaceOrientationPortraitUpsideDown UIInterfaceOrientationLandscapeLeft UIInterfaceOrientationLandscapeRight";
				INFOPLIST_KEY_UISupportedInterfaceOrientations_iPhone = "UIInterfaceOrientationPortrait UIInterfaceOrientationLandscapeLeft UIInterfaceOrientationLandscapeRight";
				IPHONEOS_DEPLOYMENT_TARGET = 15.0;
				LD_RUNPATH_SEARCH_PATHS = (
					"$(inherited)",
					"@executable_path/Frameworks",
				);
				MARKETING_VERSION = 1.0;
				PRODUCT_BUNDLE_IDENTIFIER = com.binary5.FavMov;
				PRODUCT_NAME = "$(TARGET_NAME)";
				SWIFT_EMIT_LOC_STRINGS = YES;
				SWIFT_VERSION = 5.0;
				TARGETED_DEVICE_FAMILY = "1,2";
			};
			name = Debug;
		};
		490B6A1A2B7F622F0036B2DD /* Release */ = {
			isa = XCBuildConfiguration;
			buildSettings = {
				ASSETCATALOG_COMPILER_APPICON_NAME = AppIcon;
				ASSETCATALOG_COMPILER_GLOBAL_ACCENT_COLOR_NAME = AccentColor;
				CODE_SIGN_STYLE = Automatic;
				CURRENT_PROJECT_VERSION = 1;
				DEVELOPMENT_ASSET_PATHS = "\"FavMov/Preview Content\"";
				DEVELOPMENT_TEAM = N29E7P5W3H;
				ENABLE_PREVIEWS = YES;
				GENERATE_INFOPLIST_FILE = YES;
				INFOPLIST_KEY_UIApplicationSceneManifest_Generation = YES;
				INFOPLIST_KEY_UIApplicationSupportsIndirectInputEvents = YES;
				INFOPLIST_KEY_UILaunchScreen_Generation = YES;
				INFOPLIST_KEY_UISupportedInterfaceOrientations_iPad = "UIInterfaceOrientationPortrait UIInterfaceOrientationPortraitUpsideDown UIInterfaceOrientationLandscapeLeft UIInterfaceOrientationLandscapeRight";
				INFOPLIST_KEY_UISupportedInterfaceOrientations_iPhone = "UIInterfaceOrientationPortrait UIInterfaceOrientationLandscapeLeft UIInterfaceOrientationLandscapeRight";
				IPHONEOS_DEPLOYMENT_TARGET = 15.0;
				LD_RUNPATH_SEARCH_PATHS = (
					"$(inherited)",
					"@executable_path/Frameworks",
				);
				MARKETING_VERSION = 1.0;
				PRODUCT_BUNDLE_IDENTIFIER = com.binary5.FavMov;
				PRODUCT_NAME = "$(TARGET_NAME)";
				SWIFT_EMIT_LOC_STRINGS = YES;
				SWIFT_VERSION = 5.0;
				TARGETED_DEVICE_FAMILY = "1,2";
			};
			name = Release;
		};
		490B6A1C2B7F622F0036B2DD /* Debug */ = {
			isa = XCBuildConfiguration;
			buildSettings = {
				ALWAYS_EMBED_SWIFT_STANDARD_LIBRARIES = YES;
				BUNDLE_LOADER = "$(TEST_HOST)";
				CODE_SIGN_STYLE = Automatic;
				CURRENT_PROJECT_VERSION = 1;
				DEVELOPMENT_TEAM = N29E7P5W3H;
				GENERATE_INFOPLIST_FILE = YES;
				IPHONEOS_DEPLOYMENT_TARGET = 17.2;
				MARKETING_VERSION = 1.0;
				PRODUCT_BUNDLE_IDENTIFIER = com.binary5.FavMovTests;
				PRODUCT_NAME = "$(TARGET_NAME)";
				SWIFT_EMIT_LOC_STRINGS = NO;
				SWIFT_VERSION = 5.0;
				TARGETED_DEVICE_FAMILY = "1,2";
				TEST_HOST = "$(BUILT_PRODUCTS_DIR)/FavMov.app/$(BUNDLE_EXECUTABLE_FOLDER_PATH)/FavMov";
			};
			name = Debug;
		};
		490B6A1D2B7F622F0036B2DD /* Release */ = {
			isa = XCBuildConfiguration;
			buildSettings = {
				ALWAYS_EMBED_SWIFT_STANDARD_LIBRARIES = YES;
				BUNDLE_LOADER = "$(TEST_HOST)";
				CODE_SIGN_STYLE = Automatic;
				CURRENT_PROJECT_VERSION = 1;
				DEVELOPMENT_TEAM = N29E7P5W3H;
				GENERATE_INFOPLIST_FILE = YES;
				IPHONEOS_DEPLOYMENT_TARGET = 17.2;
				MARKETING_VERSION = 1.0;
				PRODUCT_BUNDLE_IDENTIFIER = com.binary5.FavMovTests;
				PRODUCT_NAME = "$(TARGET_NAME)";
				SWIFT_EMIT_LOC_STRINGS = NO;
				SWIFT_VERSION = 5.0;
				TARGETED_DEVICE_FAMILY = "1,2";
				TEST_HOST = "$(BUILT_PRODUCTS_DIR)/FavMov.app/$(BUNDLE_EXECUTABLE_FOLDER_PATH)/FavMov";
			};
			name = Release;
		};
		490B6A1F2B7F622F0036B2DD /* Debug */ = {
			isa = XCBuildConfiguration;
			buildSettings = {
				ALWAYS_EMBED_SWIFT_STANDARD_LIBRARIES = YES;
				CODE_SIGN_STYLE = Automatic;
				CURRENT_PROJECT_VERSION = 1;
				DEVELOPMENT_TEAM = N29E7P5W3H;
				GENERATE_INFOPLIST_FILE = YES;
				MARKETING_VERSION = 1.0;
				PRODUCT_BUNDLE_IDENTIFIER = com.binary5.FavMovUITests;
				PRODUCT_NAME = "$(TARGET_NAME)";
				SWIFT_EMIT_LOC_STRINGS = NO;
				SWIFT_VERSION = 5.0;
				TARGETED_DEVICE_FAMILY = "1,2";
				TEST_TARGET_NAME = FavMov;
			};
			name = Debug;
		};
		490B6A202B7F622F0036B2DD /* Release */ = {
			isa = XCBuildConfiguration;
			buildSettings = {
				ALWAYS_EMBED_SWIFT_STANDARD_LIBRARIES = YES;
				CODE_SIGN_STYLE = Automatic;
				CURRENT_PROJECT_VERSION = 1;
				DEVELOPMENT_TEAM = N29E7P5W3H;
				GENERATE_INFOPLIST_FILE = YES;
				MARKETING_VERSION = 1.0;
				PRODUCT_BUNDLE_IDENTIFIER = com.binary5.FavMovUITests;
				PRODUCT_NAME = "$(TARGET_NAME)";
				SWIFT_EMIT_LOC_STRINGS = NO;
				SWIFT_VERSION = 5.0;
				TARGETED_DEVICE_FAMILY = "1,2";
				TEST_TARGET_NAME = FavMov;
			};
			name = Release;
		};
/* End XCBuildConfiguration section */

/* Begin XCConfigurationList section */
		490B69EF2B7F622A0036B2DD /* Build configuration list for PBXProject "FavMov" */ = {
			isa = XCConfigurationList;
			buildConfigurations = (
				490B6A162B7F622F0036B2DD /* Debug */,
				490B6A172B7F622F0036B2DD /* Release */,
			);
			defaultConfigurationIsVisible = 0;
			defaultConfigurationName = Release;
		};
		490B6A182B7F622F0036B2DD /* Build configuration list for PBXNativeTarget "FavMov" */ = {
			isa = XCConfigurationList;
			buildConfigurations = (
				490B6A192B7F622F0036B2DD /* Debug */,
				490B6A1A2B7F622F0036B2DD /* Release */,
			);
			defaultConfigurationIsVisible = 0;
			defaultConfigurationName = Release;
		};
		490B6A1B2B7F622F0036B2DD /* Build configuration list for PBXNativeTarget "FavMovTests" */ = {
			isa = XCConfigurationList;
			buildConfigurations = (
				490B6A1C2B7F622F0036B2DD /* Debug */,
				490B6A1D2B7F622F0036B2DD /* Release */,
			);
			defaultConfigurationIsVisible = 0;
			defaultConfigurationName = Release;
		};
		490B6A1E2B7F622F0036B2DD /* Build configuration list for PBXNativeTarget "FavMovUITests" */ = {
			isa = XCConfigurationList;
			buildConfigurations = (
				490B6A1F2B7F622F0036B2DD /* Debug */,
				490B6A202B7F622F0036B2DD /* Release */,
			);
			defaultConfigurationIsVisible = 0;
			defaultConfigurationName = Release;
		};
/* End XCConfigurationList section */
	};
	rootObject = 490B69EC2B7F622A0036B2DD /* Project object */;
}
